// !$*UTF8*$!
{
	archiveVersion = 1;
	classes = {
	};
	objectVersion = 50;
	objects = {

/* Begin PBXBuildFile section */
		23D32784BE53C424F9196056 /* Pods_InvadeSpace.framework in Frameworks */ = {isa = PBXBuildFile; fileRef = F2A8FB347025AEFCC479D748 /* Pods_InvadeSpace.framework */; };
		5F2698842154050000D65F0B /* GoogleService-Info.plist in Resources */ = {isa = PBXBuildFile; fileRef = 5F2698832154050000D65F0B /* GoogleService-Info.plist */; };
		9A5F67EF214026A400FDA04B /* GameKit.framework in Frameworks */ = {isa = PBXBuildFile; fileRef = 9A5F67EE214026A400FDA04B /* GameKit.framework */; };
		9A5F67F1214026AB00FDA04B /* StoreKit.framework in Frameworks */ = {isa = PBXBuildFile; fileRef = 9A5F67F0214026AB00FDA04B /* StoreKit.framework */; };
		DE05D556213D7C9E00F4A045 /* bigStars.sks in Resources */ = {isa = PBXBuildFile; fileRef = DE05D555213D7C9E00F4A045 /* bigStars.sks */; };
		DE05D558213D7CA400F4A045 /* mediumStars.sks in Resources */ = {isa = PBXBuildFile; fileRef = DE05D557213D7CA400F4A045 /* mediumStars.sks */; };
		DE05D55A213D7CA800F4A045 /* smallStars.sks in Resources */ = {isa = PBXBuildFile; fileRef = DE05D559213D7CA800F4A045 /* smallStars.sks */; };
		DE5056E52135D53400985097 /* AppDelegate.swift in Sources */ = {isa = PBXBuildFile; fileRef = DE5056E42135D53400985097 /* AppDelegate.swift */; };
		DE5056E72135D53400985097 /* GameScene.sks in Resources */ = {isa = PBXBuildFile; fileRef = DE5056E62135D53400985097 /* GameScene.sks */; };
		DE5056EB2135D53400985097 /* GameScene.swift in Sources */ = {isa = PBXBuildFile; fileRef = DE5056EA2135D53400985097 /* GameScene.swift */; };
		DE5056ED2135D53400985097 /* GameViewController.swift in Sources */ = {isa = PBXBuildFile; fileRef = DE5056EC2135D53400985097 /* GameViewController.swift */; };
		DE5056F02135D53400985097 /* Main.storyboard in Resources */ = {isa = PBXBuildFile; fileRef = DE5056EE2135D53400985097 /* Main.storyboard */; };
		DE5056F22135D53500985097 /* Assets.xcassets in Resources */ = {isa = PBXBuildFile; fileRef = DE5056F12135D53500985097 /* Assets.xcassets */; };
		DE5056F52135D53500985097 /* LaunchScreen.storyboard in Resources */ = {isa = PBXBuildFile; fileRef = DE5056F32135D53500985097 /* LaunchScreen.storyboard */; };
		DE5057022135D7BA00985097 /* explosionSFX.wav in Resources */ = {isa = PBXBuildFile; fileRef = DE5056FC2135D7BA00985097 /* explosionSFX.wav */; };
		DE5057032135D7BA00985097 /* deathSFX.wav in Resources */ = {isa = PBXBuildFile; fileRef = DE5056FD2135D7BA00985097 /* deathSFX.wav */; };
		DE5057052135D7BA00985097 /* sfx_shoot.wav in Resources */ = {isa = PBXBuildFile; fileRef = DE5056FF2135D7BA00985097 /* sfx_shoot.wav */; };
		DE5057062135D7BA00985097 /* hitSFX.wav in Resources */ = {isa = PBXBuildFile; fileRef = DE5057002135D7BA00985097 /* hitSFX.wav */; };
		DE5057072135D7BA00985097 /* shootSFX.wav in Resources */ = {isa = PBXBuildFile; fileRef = DE5057012135D7BA00985097 /* shootSFX.wav */; };
		DE5057092135D7CD00985097 /* start4.wav in Resources */ = {isa = PBXBuildFile; fileRef = DE5057082135D7CD00985097 /* start4.wav */; };
		DE50570F2135D80600985097 /* mediumClouds.sks in Resources */ = {isa = PBXBuildFile; fileRef = DE50570B2135D80500985097 /* mediumClouds.sks */; };
		DE5057102135D80600985097 /* bigClouds.sks in Resources */ = {isa = PBXBuildFile; fileRef = DE50570C2135D80500985097 /* bigClouds.sks */; };
		DE5057122135D80600985097 /* smallClouds.sks in Resources */ = {isa = PBXBuildFile; fileRef = DE50570E2135D80600985097 /* smallClouds.sks */; };
		DE5057162135D88400985097 /* MenuScene.swift in Sources */ = {isa = PBXBuildFile; fileRef = DE5057152135D88400985097 /* MenuScene.swift */; };
		DE50571B2135D8CB00985097 /* MenuScene.sks in Resources */ = {isa = PBXBuildFile; fileRef = DE50571A2135D8CB00985097 /* MenuScene.sks */; };
		DE5057372135EA5B00985097 /* novem___.ttf in Resources */ = {isa = PBXBuildFile; fileRef = DE5057362135EA5B00985097 /* novem___.ttf */; };
		DE5057392135EF2C00985097 /* explosion.sks in Resources */ = {isa = PBXBuildFile; fileRef = DE5057382135EF2C00985097 /* explosion.sks */; };
		DE9CC6DC213F0BD50046422E /* LaunchScreen2~ipad.storyboard in Resources */ = {isa = PBXBuildFile; fileRef = DE9CC6DB213F0BD50046422E /* LaunchScreen2~ipad.storyboard */; };
		F4C526EC2170F6CE00C94732 /* Intro_iPhone.json in Resources */ = {isa = PBXBuildFile; fileRef = F4C526EB2170F6CE00C94732 /* Intro_iPhone.json */; };
		F4C526F82170F6DC00C94732 /* Cloud2_1X.png in Resources */ = {isa = PBXBuildFile; fileRef = F4C526ED2170F6DB00C94732 /* Cloud2_1X.png */; };
		F4C526F92170F6DC00C94732 /* Cloud1_1X.png in Resources */ = {isa = PBXBuildFile; fileRef = F4C526EE2170F6DB00C94732 /* Cloud1_1X.png */; };
		F4C526FA2170F6DC00C94732 /* F-Build_3_1x.png in Resources */ = {isa = PBXBuildFile; fileRef = F4C526EF2170F6DB00C94732 /* F-Build_3_1x.png */; };
		F4C526FB2170F6DC00C94732 /* F-Build_4_1x.png in Resources */ = {isa = PBXBuildFile; fileRef = F4C526F02170F6DB00C94732 /* F-Build_4_1x.png */; };
		F4C526FC2170F6DC00C94732 /* F-Build_6_1x.png in Resources */ = {isa = PBXBuildFile; fileRef = F4C526F12170F6DB00C94732 /* F-Build_6_1x.png */; };
		F4C526FD2170F6DC00C94732 /* F-Build_1_1x.png in Resources */ = {isa = PBXBuildFile; fileRef = F4C526F22170F6DB00C94732 /* F-Build_1_1x.png */; };
		F4C526FE2170F6DC00C94732 /* F-Build_5_1x.png in Resources */ = {isa = PBXBuildFile; fileRef = F4C526F32170F6DB00C94732 /* F-Build_5_1x.png */; };
		F4C526FF2170F6DC00C94732 /* F-Build_2_1x.png in Resources */ = {isa = PBXBuildFile; fileRef = F4C526F42170F6DB00C94732 /* F-Build_2_1x.png */; };
		F4C527002170F6DC00C94732 /* Name_A.png in Resources */ = {isa = PBXBuildFile; fileRef = F4C526F52170F6DB00C94732 /* Name_A.png */; };
		F4C527012170F6DC00C94732 /* Cloud3_1X.png in Resources */ = {isa = PBXBuildFile; fileRef = F4C526F62170F6DB00C94732 /* Cloud3_1X.png */; };
		F4C527022170F6DC00C94732 /* Background_Blue_1x.png in Resources */ = {isa = PBXBuildFile; fileRef = F4C526F72170F6DC00C94732 /* Background_Blue_1x.png */; };
		F4C527042170F71000C94732 /* Intro_iPad.json in Resources */ = {isa = PBXBuildFile; fileRef = F4C527032170F71000C94732 /* Intro_iPad.json */; };
		F4C527102170F72900C94732 /* Build_5png.png in Resources */ = {isa = PBXBuildFile; fileRef = F4C527052170F72800C94732 /* Build_5png.png */; };
		F4C527112170F72900C94732 /* Build_4png.png in Resources */ = {isa = PBXBuildFile; fileRef = F4C527062170F72800C94732 /* Build_4png.png */; };
		F4C527122170F72900C94732 /* Build_1.png in Resources */ = {isa = PBXBuildFile; fileRef = F4C527072170F72800C94732 /* Build_1.png */; };
		F4C527132170F72900C94732 /* Build_2.png in Resources */ = {isa = PBXBuildFile; fileRef = F4C527082170F72800C94732 /* Build_2.png */; };
		F4C527142170F72900C94732 /* Background_Blue.png in Resources */ = {isa = PBXBuildFile; fileRef = F4C527092170F72800C94732 /* Background_Blue.png */; };
		F4C527152170F72900C94732 /* Build_6.png in Resources */ = {isa = PBXBuildFile; fileRef = F4C5270A2170F72800C94732 /* Build_6.png */; };
		F4C527162170F72900C94732 /* Build_3.png in Resources */ = {isa = PBXBuildFile; fileRef = F4C5270B2170F72800C94732 /* Build_3.png */; };
		F4C527172170F72900C94732 /* Cloud2.png in Resources */ = {isa = PBXBuildFile; fileRef = F4C5270C2170F72800C94732 /* Cloud2.png */; };
		F4C527182170F72900C94732 /* Cloud3.png in Resources */ = {isa = PBXBuildFile; fileRef = F4C5270D2170F72800C94732 /* Cloud3.png */; };
		F4C5271A2170F72900C94732 /* Cloud1png.png in Resources */ = {isa = PBXBuildFile; fileRef = F4C5270F2170F72900C94732 /* Cloud1png.png */; };
		F4D4B3B92174E841001E9C99 /* Launch_iPhone.png in Resources */ = {isa = PBXBuildFile; fileRef = F4D4B3B72174E840001E9C99 /* Launch_iPhone.png */; };
		F4D4B3BA2174E841001E9C99 /* Launch_iPad.png in Resources */ = {isa = PBXBuildFile; fileRef = F4D4B3B82174E841001E9C99 /* Launch_iPad.png */; };
/* End PBXBuildFile section */

/* Begin PBXFileReference section */
		5F2698832154050000D65F0B /* GoogleService-Info.plist */ = {isa = PBXFileReference; fileEncoding = 4; lastKnownFileType = text.plist.xml; path = "GoogleService-Info.plist"; sourceTree = "<group>"; };
		87506C344CB95A621E9136D0 /* Pods-InvadeSpace.release.xcconfig */ = {isa = PBXFileReference; includeInIndex = 1; lastKnownFileType = text.xcconfig; name = "Pods-InvadeSpace.release.xcconfig"; path = "Pods/Target Support Files/Pods-InvadeSpace/Pods-InvadeSpace.release.xcconfig"; sourceTree = "<group>"; };
		9A5F67EE214026A400FDA04B /* GameKit.framework */ = {isa = PBXFileReference; lastKnownFileType = wrapper.framework; name = GameKit.framework; path = System/Library/Frameworks/GameKit.framework; sourceTree = SDKROOT; };
		9A5F67F0214026AB00FDA04B /* StoreKit.framework */ = {isa = PBXFileReference; lastKnownFileType = wrapper.framework; name = StoreKit.framework; path = System/Library/Frameworks/StoreKit.framework; sourceTree = SDKROOT; };
		DE05D555213D7C9E00F4A045 /* bigStars.sks */ = {isa = PBXFileReference; lastKnownFileType = file.sks; path = bigStars.sks; sourceTree = "<group>"; };
		DE05D557213D7CA400F4A045 /* mediumStars.sks */ = {isa = PBXFileReference; lastKnownFileType = file.sks; path = mediumStars.sks; sourceTree = "<group>"; };
		DE05D559213D7CA800F4A045 /* smallStars.sks */ = {isa = PBXFileReference; lastKnownFileType = file.sks; path = smallStars.sks; sourceTree = "<group>"; };
		DE5056E12135D53400985097 /* InvadeSpace.app */ = {isa = PBXFileReference; explicitFileType = wrapper.application; includeInIndex = 0; path = InvadeSpace.app; sourceTree = BUILT_PRODUCTS_DIR; };
		DE5056E42135D53400985097 /* AppDelegate.swift */ = {isa = PBXFileReference; lastKnownFileType = sourcecode.swift; path = AppDelegate.swift; sourceTree = "<group>"; };
		DE5056E62135D53400985097 /* GameScene.sks */ = {isa = PBXFileReference; lastKnownFileType = file.sks; path = GameScene.sks; sourceTree = "<group>"; };
		DE5056EA2135D53400985097 /* GameScene.swift */ = {isa = PBXFileReference; lastKnownFileType = sourcecode.swift; path = GameScene.swift; sourceTree = "<group>"; };
		DE5056EC2135D53400985097 /* GameViewController.swift */ = {isa = PBXFileReference; lastKnownFileType = sourcecode.swift; path = GameViewController.swift; sourceTree = "<group>"; };
		DE5056EF2135D53400985097 /* Base */ = {isa = PBXFileReference; lastKnownFileType = file.storyboard; name = Base; path = Base.lproj/Main.storyboard; sourceTree = "<group>"; };
		DE5056F12135D53500985097 /* Assets.xcassets */ = {isa = PBXFileReference; lastKnownFileType = folder.assetcatalog; path = Assets.xcassets; sourceTree = "<group>"; };
		DE5056F42135D53500985097 /* Base */ = {isa = PBXFileReference; lastKnownFileType = file.storyboard; name = Base; path = Base.lproj/LaunchScreen.storyboard; sourceTree = "<group>"; };
		DE5056F62135D53500985097 /* Info.plist */ = {isa = PBXFileReference; lastKnownFileType = text.plist.xml; path = Info.plist; sourceTree = "<group>"; };
		DE5056FC2135D7BA00985097 /* explosionSFX.wav */ = {isa = PBXFileReference; lastKnownFileType = audio.wav; path = explosionSFX.wav; sourceTree = "<group>"; };
		DE5056FD2135D7BA00985097 /* deathSFX.wav */ = {isa = PBXFileReference; lastKnownFileType = audio.wav; path = deathSFX.wav; sourceTree = "<group>"; };
		DE5056FF2135D7BA00985097 /* sfx_shoot.wav */ = {isa = PBXFileReference; lastKnownFileType = audio.wav; path = sfx_shoot.wav; sourceTree = "<group>"; };
		DE5057002135D7BA00985097 /* hitSFX.wav */ = {isa = PBXFileReference; lastKnownFileType = audio.wav; path = hitSFX.wav; sourceTree = "<group>"; };
		DE5057012135D7BA00985097 /* shootSFX.wav */ = {isa = PBXFileReference; lastKnownFileType = audio.wav; path = shootSFX.wav; sourceTree = "<group>"; };
		DE5057082135D7CD00985097 /* start4.wav */ = {isa = PBXFileReference; lastKnownFileType = audio.wav; path = start4.wav; sourceTree = "<group>"; };
		DE50570B2135D80500985097 /* mediumClouds.sks */ = {isa = PBXFileReference; lastKnownFileType = file.sks; path = mediumClouds.sks; sourceTree = "<group>"; };
		DE50570C2135D80500985097 /* bigClouds.sks */ = {isa = PBXFileReference; lastKnownFileType = file.sks; path = bigClouds.sks; sourceTree = "<group>"; };
		DE50570E2135D80600985097 /* smallClouds.sks */ = {isa = PBXFileReference; lastKnownFileType = file.sks; path = smallClouds.sks; sourceTree = "<group>"; };
		DE5057152135D88400985097 /* MenuScene.swift */ = {isa = PBXFileReference; lastKnownFileType = sourcecode.swift; path = MenuScene.swift; sourceTree = "<group>"; };
		DE50571A2135D8CB00985097 /* MenuScene.sks */ = {isa = PBXFileReference; lastKnownFileType = file.sks; path = MenuScene.sks; sourceTree = "<group>"; };
		DE5057362135EA5B00985097 /* novem___.ttf */ = {isa = PBXFileReference; lastKnownFileType = file; path = "novem___.ttf"; sourceTree = "<group>"; };
		DE5057382135EF2C00985097 /* explosion.sks */ = {isa = PBXFileReference; lastKnownFileType = file.sks; path = explosion.sks; sourceTree = "<group>"; };
		DE9CC6DB213F0BD50046422E /* LaunchScreen2~ipad.storyboard */ = {isa = PBXFileReference; lastKnownFileType = file.storyboard; path = "LaunchScreen2~ipad.storyboard"; sourceTree = "<group>"; };
		EDCF768045B2EBFFEF64D7F1 /* Pods-InvadeSpace.debug.xcconfig */ = {isa = PBXFileReference; includeInIndex = 1; lastKnownFileType = text.xcconfig; name = "Pods-InvadeSpace.debug.xcconfig"; path = "Pods/Target Support Files/Pods-InvadeSpace/Pods-InvadeSpace.debug.xcconfig"; sourceTree = "<group>"; };
		F2A8FB347025AEFCC479D748 /* Pods_InvadeSpace.framework */ = {isa = PBXFileReference; explicitFileType = wrapper.framework; includeInIndex = 0; path = Pods_InvadeSpace.framework; sourceTree = BUILT_PRODUCTS_DIR; };
		F4C526EB2170F6CE00C94732 /* Intro_iPhone.json */ = {isa = PBXFileReference; fileEncoding = 4; lastKnownFileType = text.json; path = Intro_iPhone.json; sourceTree = "<group>"; };
		F4C526ED2170F6DB00C94732 /* Cloud2_1X.png */ = {isa = PBXFileReference; lastKnownFileType = image.png; path = Cloud2_1X.png; sourceTree = "<group>"; };
		F4C526EE2170F6DB00C94732 /* Cloud1_1X.png */ = {isa = PBXFileReference; lastKnownFileType = image.png; path = Cloud1_1X.png; sourceTree = "<group>"; };
		F4C526EF2170F6DB00C94732 /* F-Build_3_1x.png */ = {isa = PBXFileReference; lastKnownFileType = image.png; path = "F-Build_3_1x.png"; sourceTree = "<group>"; };
		F4C526F02170F6DB00C94732 /* F-Build_4_1x.png */ = {isa = PBXFileReference; lastKnownFileType = image.png; path = "F-Build_4_1x.png"; sourceTree = "<group>"; };
		F4C526F12170F6DB00C94732 /* F-Build_6_1x.png */ = {isa = PBXFileReference; lastKnownFileType = image.png; path = "F-Build_6_1x.png"; sourceTree = "<group>"; };
		F4C526F22170F6DB00C94732 /* F-Build_1_1x.png */ = {isa = PBXFileReference; lastKnownFileType = image.png; path = "F-Build_1_1x.png"; sourceTree = "<group>"; };
		F4C526F32170F6DB00C94732 /* F-Build_5_1x.png */ = {isa = PBXFileReference; lastKnownFileType = image.png; path = "F-Build_5_1x.png"; sourceTree = "<group>"; };
		F4C526F42170F6DB00C94732 /* F-Build_2_1x.png */ = {isa = PBXFileReference; lastKnownFileType = image.png; path = "F-Build_2_1x.png"; sourceTree = "<group>"; };
		F4C526F52170F6DB00C94732 /* Name_A.png */ = {isa = PBXFileReference; lastKnownFileType = image.png; path = Name_A.png; sourceTree = "<group>"; };
		F4C526F62170F6DB00C94732 /* Cloud3_1X.png */ = {isa = PBXFileReference; lastKnownFileType = image.png; path = Cloud3_1X.png; sourceTree = "<group>"; };
		F4C526F72170F6DC00C94732 /* Background_Blue_1x.png */ = {isa = PBXFileReference; lastKnownFileType = image.png; path = Background_Blue_1x.png; sourceTree = "<group>"; };
		F4C527032170F71000C94732 /* Intro_iPad.json */ = {isa = PBXFileReference; fileEncoding = 4; lastKnownFileType = text.json; path = Intro_iPad.json; sourceTree = "<group>"; };
		F4C527052170F72800C94732 /* Build_5png.png */ = {isa = PBXFileReference; lastKnownFileType = image.png; path = Build_5png.png; sourceTree = "<group>"; };
		F4C527062170F72800C94732 /* Build_4png.png */ = {isa = PBXFileReference; lastKnownFileType = image.png; path = Build_4png.png; sourceTree = "<group>"; };
		F4C527072170F72800C94732 /* Build_1.png */ = {isa = PBXFileReference; lastKnownFileType = image.png; path = Build_1.png; sourceTree = "<group>"; };
		F4C527082170F72800C94732 /* Build_2.png */ = {isa = PBXFileReference; lastKnownFileType = image.png; path = Build_2.png; sourceTree = "<group>"; };
		F4C527092170F72800C94732 /* Background_Blue.png */ = {isa = PBXFileReference; lastKnownFileType = image.png; path = Background_Blue.png; sourceTree = "<group>"; };
		F4C5270A2170F72800C94732 /* Build_6.png */ = {isa = PBXFileReference; lastKnownFileType = image.png; path = Build_6.png; sourceTree = "<group>"; };
		F4C5270B2170F72800C94732 /* Build_3.png */ = {isa = PBXFileReference; lastKnownFileType = image.png; path = Build_3.png; sourceTree = "<group>"; };
		F4C5270C2170F72800C94732 /* Cloud2.png */ = {isa = PBXFileReference; lastKnownFileType = image.png; path = Cloud2.png; sourceTree = "<group>"; };
		F4C5270D2170F72800C94732 /* Cloud3.png */ = {isa = PBXFileReference; lastKnownFileType = image.png; path = Cloud3.png; sourceTree = "<group>"; };
		F4C5270F2170F72900C94732 /* Cloud1png.png */ = {isa = PBXFileReference; lastKnownFileType = image.png; path = Cloud1png.png; sourceTree = "<group>"; };
		F4D4B3B72174E840001E9C99 /* Launch_iPhone.png */ = {isa = PBXFileReference; lastKnownFileType = image.png; path = Launch_iPhone.png; sourceTree = "<group>"; };
		F4D4B3B82174E841001E9C99 /* Launch_iPad.png */ = {isa = PBXFileReference; lastKnownFileType = image.png; path = Launch_iPad.png; sourceTree = "<group>"; };
/* End PBXFileReference section */

/* Begin PBXFrameworksBuildPhase section */
		DE5056DE2135D53400985097 /* Frameworks */ = {
			isa = PBXFrameworksBuildPhase;
			buildActionMask = 2147483647;
			files = (
				9A5F67F1214026AB00FDA04B /* StoreKit.framework in Frameworks */,
				23D32784BE53C424F9196056 /* Pods_InvadeSpace.framework in Frameworks */,
				9A5F67EF214026A400FDA04B /* GameKit.framework in Frameworks */,
			);
			runOnlyForDeploymentPostprocessing = 0;
		};
/* End PBXFrameworksBuildPhase section */

/* Begin PBXGroup section */
		B59CFE8161A401238A8A811E /* Frameworks */ = {
			isa = PBXGroup;
			children = (
				9A5F67F0214026AB00FDA04B /* StoreKit.framework */,
				9A5F67EE214026A400FDA04B /* GameKit.framework */,
				F2A8FB347025AEFCC479D748 /* Pods_InvadeSpace.framework */,
			);
			name = Frameworks;
			sourceTree = "<group>";
		};
		CAF086F1175ABF01590CE4AC /* Pods */ = {
			isa = PBXGroup;
			children = (
				EDCF768045B2EBFFEF64D7F1 /* Pods-InvadeSpace.debug.xcconfig */,
				87506C344CB95A621E9136D0 /* Pods-InvadeSpace.release.xcconfig */,
			);
			name = Pods;
			sourceTree = "<group>";
		};
		DE5056D82135D53400985097 = {
			isa = PBXGroup;
			children = (
				DE5056E32135D53400985097 /* InvadeSpace */,
				DE5056E22135D53400985097 /* Products */,
				CAF086F1175ABF01590CE4AC /* Pods */,
				B59CFE8161A401238A8A811E /* Frameworks */,
			);
			sourceTree = "<group>";
		};
		DE5056E22135D53400985097 /* Products */ = {
			isa = PBXGroup;
			children = (
				DE5056E12135D53400985097 /* InvadeSpace.app */,
			);
			name = Products;
			sourceTree = "<group>";
		};
		DE5056E32135D53400985097 /* InvadeSpace */ = {
			isa = PBXGroup;
			children = (
				5F2698832154050000D65F0B /* GoogleService-Info.plist */,
				DE5057352135D92C00985097 /* Animations */,
				DE5056E42135D53400985097 /* AppDelegate.swift */,
				DE5056EC2135D53400985097 /* GameViewController.swift */,
				DE5057192135D89F00985097 /* Menu */,
				DE5057142135D84000985097 /* Game */,
				DE5057132135D80F00985097 /* Emmiters */,
				DE50570A2135D7D700985097 /* Sounds */,
				DE5056F12135D53500985097 /* Assets.xcassets */,
				DE5057362135EA5B00985097 /* novem___.ttf */,
				DE5056F32135D53500985097 /* LaunchScreen.storyboard */,
				DE9CC6DB213F0BD50046422E /* LaunchScreen2~ipad.storyboard */,
				DE5056EE2135D53400985097 /* Main.storyboard */,
				DE5056F62135D53500985097 /* Info.plist */,
			);
			path = InvadeSpace;
			sourceTree = "<group>";
		};
		DE50570A2135D7D700985097 /* Sounds */ = {
			isa = PBXGroup;
			children = (
				DE5056FD2135D7BA00985097 /* deathSFX.wav */,
				DE5056FC2135D7BA00985097 /* explosionSFX.wav */,
				DE5057002135D7BA00985097 /* hitSFX.wav */,
				DE5056FF2135D7BA00985097 /* sfx_shoot.wav */,
				DE5057012135D7BA00985097 /* shootSFX.wav */,
				DE5057082135D7CD00985097 /* start4.wav */,
			);
			path = Sounds;
			sourceTree = "<group>";
		};
		DE5057132135D80F00985097 /* Emmiters */ = {
			isa = PBXGroup;
			children = (
				DE05D559213D7CA800F4A045 /* smallStars.sks */,
				DE05D557213D7CA400F4A045 /* mediumStars.sks */,
				DE05D555213D7C9E00F4A045 /* bigStars.sks */,
				DE50570C2135D80500985097 /* bigClouds.sks */,
				DE50570B2135D80500985097 /* mediumClouds.sks */,
				DE50570E2135D80600985097 /* smallClouds.sks */,
				DE5057382135EF2C00985097 /* explosion.sks */,
			);
			path = Emmiters;
			sourceTree = "<group>";
		};
		DE5057142135D84000985097 /* Game */ = {
			isa = PBXGroup;
			children = (
				DE5056EA2135D53400985097 /* GameScene.swift */,
				DE5056E62135D53400985097 /* GameScene.sks */,
			);
			path = Game;
			sourceTree = "<group>";
		};
		DE5057192135D89F00985097 /* Menu */ = {
			isa = PBXGroup;
			children = (
				DE5057152135D88400985097 /* MenuScene.swift */,
				DE50571A2135D8CB00985097 /* MenuScene.sks */,
			);
			path = Menu;
			sourceTree = "<group>";
		};
		DE50571C2135D92500985097 /* images */ = {
			isa = PBXGroup;
			children = (
				F4C527092170F72800C94732 /* Background_Blue.png */,
				F4C527072170F72800C94732 /* Build_1.png */,
				F4C527082170F72800C94732 /* Build_2.png */,
				F4C5270B2170F72800C94732 /* Build_3.png */,
				F4C527062170F72800C94732 /* Build_4png.png */,
				F4C527052170F72800C94732 /* Build_5png.png */,
				F4C5270A2170F72800C94732 /* Build_6.png */,
				F4C5270F2170F72900C94732 /* Cloud1png.png */,
				F4C5270C2170F72800C94732 /* Cloud2.png */,
				F4C5270D2170F72800C94732 /* Cloud3.png */,
				F4C526F72170F6DC00C94732 /* Background_Blue_1x.png */,
				F4C526EE2170F6DB00C94732 /* Cloud1_1X.png */,
				F4C526ED2170F6DB00C94732 /* Cloud2_1X.png */,
				F4C526F62170F6DB00C94732 /* Cloud3_1X.png */,
				F4C526F22170F6DB00C94732 /* F-Build_1_1x.png */,
				F4C526F42170F6DB00C94732 /* F-Build_2_1x.png */,
				F4C526EF2170F6DB00C94732 /* F-Build_3_1x.png */,
				F4C526F02170F6DB00C94732 /* F-Build_4_1x.png */,
				F4C526F32170F6DB00C94732 /* F-Build_5_1x.png */,
				F4C526F12170F6DB00C94732 /* F-Build_6_1x.png */,
				F4C526F52170F6DB00C94732 /* Name_A.png */,
			);
			path = images;
			sourceTree = "<group>";
		};
		DE5057352135D92C00985097 /* Animations */ = {
			isa = PBXGroup;
			children = (
				F4C526EB2170F6CE00C94732 /* Intro_iPhone.json */,
				F4C527032170F71000C94732 /* Intro_iPad.json */,
				F4D4B3B82174E841001E9C99 /* Launch_iPad.png */,
				F4D4B3B72174E840001E9C99 /* Launch_iPhone.png */,
				DE50571C2135D92500985097 /* images */,
			);
			path = Animations;
			sourceTree = "<group>";
		};
/* End PBXGroup section */

/* Begin PBXNativeTarget section */
		DE5056E02135D53400985097 /* InvadeSpace */ = {
			isa = PBXNativeTarget;
			buildConfigurationList = DE5056F92135D53500985097 /* Build configuration list for PBXNativeTarget "InvadeSpace" */;
			buildPhases = (
				40F181B5199745CA9219C663 /* [CP] Check Pods Manifest.lock */,
				DE5056DD2135D53400985097 /* Sources */,
				DE5056DE2135D53400985097 /* Frameworks */,
				DE5056DF2135D53400985097 /* Resources */,
				AD9758E5B3AB7FC17E866419 /* [CP] Embed Pods Frameworks */,
			);
			buildRules = (
			);
			dependencies = (
			);
			name = InvadeSpace;
			productName = InvadeSpace;
			productReference = DE5056E12135D53400985097 /* InvadeSpace.app */;
			productType = "com.apple.product-type.application";
		};
/* End PBXNativeTarget section */

/* Begin PBXProject section */
		DE5056D92135D53400985097 /* Project object */ = {
			isa = PBXProject;
			attributes = {
				LastSwiftUpdateCheck = 0940;
				LastUpgradeCheck = 0940;
				ORGANIZATIONNAME = "Cartwheel Galaxy";
				TargetAttributes = {
					DE5056E02135D53400985097 = {
						CreatedOnToolsVersion = 9.4.1;
						SystemCapabilities = {
							com.apple.GameCenter.iOS = {
								enabled = 1;
							};
							com.apple.InAppPurchase = {
								enabled = 1;
							};
						};
					};
				};
			};
			buildConfigurationList = DE5056DC2135D53400985097 /* Build configuration list for PBXProject "InvadeSpace" */;
			compatibilityVersion = "Xcode 9.3";
			developmentRegion = en;
			hasScannedForEncodings = 0;
			knownRegions = (
				en,
				Base,
			);
			mainGroup = DE5056D82135D53400985097;
			productRefGroup = DE5056E22135D53400985097 /* Products */;
			projectDirPath = "";
			projectRoot = "";
			targets = (
				DE5056E02135D53400985097 /* InvadeSpace */,
			);
		};
/* End PBXProject section */

/* Begin PBXResourcesBuildPhase section */
		DE5056DF2135D53400985097 /* Resources */ = {
			isa = PBXResourcesBuildPhase;
			buildActionMask = 2147483647;
			files = (
				F4C526F92170F6DC00C94732 /* Cloud1_1X.png in Resources */,
				5F2698842154050000D65F0B /* GoogleService-Info.plist in Resources */,
				F4C527042170F71000C94732 /* Intro_iPad.json in Resources */,
				F4C527152170F72900C94732 /* Build_6.png in Resources */,
				DE5057102135D80600985097 /* bigClouds.sks in Resources */,
				DE5056F02135D53400985097 /* Main.storyboard in Resources */,
				DE5057062135D7BA00985097 /* hitSFX.wav in Resources */,
				DE5057072135D7BA00985097 /* shootSFX.wav in Resources */,
				DE5056E72135D53400985097 /* GameScene.sks in Resources */,
				DE50570F2135D80600985097 /* mediumClouds.sks in Resources */,
				F4D4B3B92174E841001E9C99 /* Launch_iPhone.png in Resources */,
				DE5057122135D80600985097 /* smallClouds.sks in Resources */,
				F4C526FF2170F6DC00C94732 /* F-Build_2_1x.png in Resources */,
				F4C526F82170F6DC00C94732 /* Cloud2_1X.png in Resources */,
				DE5057372135EA5B00985097 /* novem___.ttf in Resources */,
				F4C526FB2170F6DC00C94732 /* F-Build_4_1x.png in Resources */,
				F4C527182170F72900C94732 /* Cloud3.png in Resources */,
				DE05D55A213D7CA800F4A045 /* smallStars.sks in Resources */,
				DE5057092135D7CD00985097 /* start4.wav in Resources */,
				F4C5271A2170F72900C94732 /* Cloud1png.png in Resources */,
				F4D4B3BA2174E841001E9C99 /* Launch_iPad.png in Resources */,
				F4C527122170F72900C94732 /* Build_1.png in Resources */,
				F4C526FD2170F6DC00C94732 /* F-Build_1_1x.png in Resources */,
				F4C527112170F72900C94732 /* Build_4png.png in Resources */,
				DE9CC6DC213F0BD50046422E /* LaunchScreen2~ipad.storyboard in Resources */,
				DE5057022135D7BA00985097 /* explosionSFX.wav in Resources */,
				F4C527012170F6DC00C94732 /* Cloud3_1X.png in Resources */,
				F4C526FC2170F6DC00C94732 /* F-Build_6_1x.png in Resources */,
				F4C527102170F72900C94732 /* Build_5png.png in Resources */,
				F4C527002170F6DC00C94732 /* Name_A.png in Resources */,
				F4C527132170F72900C94732 /* Build_2.png in Resources */,
				F4C527142170F72900C94732 /* Background_Blue.png in Resources */,
				F4C526FA2170F6DC00C94732 /* F-Build_3_1x.png in Resources */,
				DE5056F22135D53500985097 /* Assets.xcassets in Resources */,
				F4C526FE2170F6DC00C94732 /* F-Build_5_1x.png in Resources */,
				DE05D558213D7CA400F4A045 /* mediumStars.sks in Resources */,
				F4C526EC2170F6CE00C94732 /* Intro_iPhone.json in Resources */,
				DE5056F52135D53500985097 /* LaunchScreen.storyboard in Resources */,
				DE5057052135D7BA00985097 /* sfx_shoot.wav in Resources */,
				DE50571B2135D8CB00985097 /* MenuScene.sks in Resources */,
				F4C527162170F72900C94732 /* Build_3.png in Resources */,
				DE5057392135EF2C00985097 /* explosion.sks in Resources */,
				DE05D556213D7C9E00F4A045 /* bigStars.sks in Resources */,
				DE5057032135D7BA00985097 /* deathSFX.wav in Resources */,
				F4C527172170F72900C94732 /* Cloud2.png in Resources */,
				F4C527022170F6DC00C94732 /* Background_Blue_1x.png in Resources */,
			);
			runOnlyForDeploymentPostprocessing = 0;
		};
/* End PBXResourcesBuildPhase section */

/* Begin PBXShellScriptBuildPhase section */
		40F181B5199745CA9219C663 /* [CP] Check Pods Manifest.lock */ = {
			isa = PBXShellScriptBuildPhase;
			buildActionMask = 2147483647;
			files = (
			);
			inputPaths = (
				"${PODS_PODFILE_DIR_PATH}/Podfile.lock",
				"${PODS_ROOT}/Manifest.lock",
			);
			name = "[CP] Check Pods Manifest.lock";
			outputPaths = (
				"$(DERIVED_FILE_DIR)/Pods-InvadeSpace-checkManifestLockResult.txt",
			);
			runOnlyForDeploymentPostprocessing = 0;
			shellPath = /bin/sh;
			shellScript = "diff \"${PODS_PODFILE_DIR_PATH}/Podfile.lock\" \"${PODS_ROOT}/Manifest.lock\" > /dev/null\nif [ $? != 0 ] ; then\n    # print error to STDERR\n    echo \"error: The sandbox is not in sync with the Podfile.lock. Run 'pod install' or update your CocoaPods installation.\" >&2\n    exit 1\nfi\n# This output is used by Xcode 'outputs' to avoid re-running this script phase.\necho \"SUCCESS\" > \"${SCRIPT_OUTPUT_FILE_0}\"\n";
			showEnvVarsInLog = 0;
		};
		AD9758E5B3AB7FC17E866419 /* [CP] Embed Pods Frameworks */ = {
			isa = PBXShellScriptBuildPhase;
			buildActionMask = 2147483647;
			files = (
			);
			inputPaths = (
				"${SRCROOT}/Pods/Target Support Files/Pods-InvadeSpace/Pods-InvadeSpace-frameworks.sh",
				"${BUILT_PRODUCTS_DIR}/Device.swift/Device_swift.framework",
				"${BUILT_PRODUCTS_DIR}/GTMSessionFetcher/GTMSessionFetcher.framework",
				"${BUILT_PRODUCTS_DIR}/GoogleToolboxForMac/GoogleToolboxForMac.framework",
				"${BUILT_PRODUCTS_DIR}/GoogleUtilities/GoogleUtilities.framework",
				"${BUILT_PRODUCTS_DIR}/Protobuf/Protobuf.framework",
				"${BUILT_PRODUCTS_DIR}/lottie-ios/Lottie.framework",
				"${BUILT_PRODUCTS_DIR}/nanopb/nanopb.framework",
			);
			name = "[CP] Embed Pods Frameworks";
			outputPaths = (
				"${TARGET_BUILD_DIR}/${FRAMEWORKS_FOLDER_PATH}/Device_swift.framework",
				"${TARGET_BUILD_DIR}/${FRAMEWORKS_FOLDER_PATH}/GTMSessionFetcher.framework",
				"${TARGET_BUILD_DIR}/${FRAMEWORKS_FOLDER_PATH}/GoogleToolboxForMac.framework",
				"${TARGET_BUILD_DIR}/${FRAMEWORKS_FOLDER_PATH}/GoogleUtilities.framework",
				"${TARGET_BUILD_DIR}/${FRAMEWORKS_FOLDER_PATH}/Protobuf.framework",
				"${TARGET_BUILD_DIR}/${FRAMEWORKS_FOLDER_PATH}/Lottie.framework",
				"${TARGET_BUILD_DIR}/${FRAMEWORKS_FOLDER_PATH}/nanopb.framework",
			);
			runOnlyForDeploymentPostprocessing = 0;
			shellPath = /bin/sh;
			shellScript = "\"${SRCROOT}/Pods/Target Support Files/Pods-InvadeSpace/Pods-InvadeSpace-frameworks.sh\"\n";
			showEnvVarsInLog = 0;
		};
/* End PBXShellScriptBuildPhase section */

/* Begin PBXSourcesBuildPhase section */
		DE5056DD2135D53400985097 /* Sources */ = {
			isa = PBXSourcesBuildPhase;
			buildActionMask = 2147483647;
			files = (
				DE5056EB2135D53400985097 /* GameScene.swift in Sources */,
				DE5057162135D88400985097 /* MenuScene.swift in Sources */,
				DE5056ED2135D53400985097 /* GameViewController.swift in Sources */,
				DE5056E52135D53400985097 /* AppDelegate.swift in Sources */,
			);
			runOnlyForDeploymentPostprocessing = 0;
		};
/* End PBXSourcesBuildPhase section */

/* Begin PBXVariantGroup section */
		DE5056EE2135D53400985097 /* Main.storyboard */ = {
			isa = PBXVariantGroup;
			children = (
				DE5056EF2135D53400985097 /* Base */,
			);
			name = Main.storyboard;
			sourceTree = "<group>";
		};
		DE5056F32135D53500985097 /* LaunchScreen.storyboard */ = {
			isa = PBXVariantGroup;
			children = (
				DE5056F42135D53500985097 /* Base */,
			);
			name = LaunchScreen.storyboard;
			sourceTree = "<group>";
		};
/* End PBXVariantGroup section */

/* Begin XCBuildConfiguration section */
		DE5056F72135D53500985097 /* Debug */ = {
			isa = XCBuildConfiguration;
			buildSettings = {
				ALWAYS_SEARCH_USER_PATHS = NO;
				CLANG_ANALYZER_NONNULL = YES;
				CLANG_ANALYZER_NUMBER_OBJECT_CONVERSION = YES_AGGRESSIVE;
				CLANG_CXX_LANGUAGE_STANDARD = "gnu++14";
				CLANG_CXX_LIBRARY = "libc++";
				CLANG_ENABLE_MODULES = YES;
				CLANG_ENABLE_OBJC_ARC = YES;
				CLANG_ENABLE_OBJC_WEAK = YES;
				CLANG_WARN_BLOCK_CAPTURE_AUTORELEASING = YES;
				CLANG_WARN_BOOL_CONVERSION = YES;
				CLANG_WARN_COMMA = YES;
				CLANG_WARN_CONSTANT_CONVERSION = YES;
				CLANG_WARN_DEPRECATED_OBJC_IMPLEMENTATIONS = YES;
				CLANG_WARN_DIRECT_OBJC_ISA_USAGE = YES_ERROR;
				CLANG_WARN_DOCUMENTATION_COMMENTS = YES;
				CLANG_WARN_EMPTY_BODY = YES;
				CLANG_WARN_ENUM_CONVERSION = YES;
				CLANG_WARN_INFINITE_RECURSION = YES;
				CLANG_WARN_INT_CONVERSION = YES;
				CLANG_WARN_NON_LITERAL_NULL_CONVERSION = YES;
				CLANG_WARN_OBJC_IMPLICIT_RETAIN_SELF = YES;
				CLANG_WARN_OBJC_LITERAL_CONVERSION = YES;
				CLANG_WARN_OBJC_ROOT_CLASS = YES_ERROR;
				CLANG_WARN_RANGE_LOOP_ANALYSIS = YES;
				CLANG_WARN_STRICT_PROTOTYPES = YES;
				CLANG_WARN_SUSPICIOUS_MOVE = YES;
				CLANG_WARN_UNGUARDED_AVAILABILITY = YES_AGGRESSIVE;
				CLANG_WARN_UNREACHABLE_CODE = YES;
				CLANG_WARN__DUPLICATE_METHOD_MATCH = YES;
				CODE_SIGN_IDENTITY = "iPhone Developer";
				COPY_PHASE_STRIP = NO;
				DEBUG_INFORMATION_FORMAT = dwarf;
				ENABLE_STRICT_OBJC_MSGSEND = YES;
				ENABLE_TESTABILITY = YES;
				GCC_C_LANGUAGE_STANDARD = gnu11;
				GCC_DYNAMIC_NO_PIC = NO;
				GCC_NO_COMMON_BLOCKS = YES;
				GCC_OPTIMIZATION_LEVEL = 0;
				GCC_PREPROCESSOR_DEFINITIONS = (
					"DEBUG=1",
					"$(inherited)",
				);
				GCC_WARN_64_TO_32_BIT_CONVERSION = YES;
				GCC_WARN_ABOUT_RETURN_TYPE = YES_ERROR;
				GCC_WARN_UNDECLARED_SELECTOR = YES;
				GCC_WARN_UNINITIALIZED_AUTOS = YES_AGGRESSIVE;
				GCC_WARN_UNUSED_FUNCTION = YES;
				GCC_WARN_UNUSED_VARIABLE = YES;
				IPHONEOS_DEPLOYMENT_TARGET = 11.4;
				MTL_ENABLE_DEBUG_INFO = YES;
				ONLY_ACTIVE_ARCH = YES;
				SDKROOT = iphoneos;
				SWIFT_ACTIVE_COMPILATION_CONDITIONS = DEBUG;
				SWIFT_OPTIMIZATION_LEVEL = "-Onone";
			};
			name = Debug;
		};
		DE5056F82135D53500985097 /* Release */ = {
			isa = XCBuildConfiguration;
			buildSettings = {
				ALWAYS_SEARCH_USER_PATHS = NO;
				CLANG_ANALYZER_NONNULL = YES;
				CLANG_ANALYZER_NUMBER_OBJECT_CONVERSION = YES_AGGRESSIVE;
				CLANG_CXX_LANGUAGE_STANDARD = "gnu++14";
				CLANG_CXX_LIBRARY = "libc++";
				CLANG_ENABLE_MODULES = YES;
				CLANG_ENABLE_OBJC_ARC = YES;
				CLANG_ENABLE_OBJC_WEAK = YES;
				CLANG_WARN_BLOCK_CAPTURE_AUTORELEASING = YES;
				CLANG_WARN_BOOL_CONVERSION = YES;
				CLANG_WARN_COMMA = YES;
				CLANG_WARN_CONSTANT_CONVERSION = YES;
				CLANG_WARN_DEPRECATED_OBJC_IMPLEMENTATIONS = YES;
				CLANG_WARN_DIRECT_OBJC_ISA_USAGE = YES_ERROR;
				CLANG_WARN_DOCUMENTATION_COMMENTS = YES;
				CLANG_WARN_EMPTY_BODY = YES;
				CLANG_WARN_ENUM_CONVERSION = YES;
				CLANG_WARN_INFINITE_RECURSION = YES;
				CLANG_WARN_INT_CONVERSION = YES;
				CLANG_WARN_NON_LITERAL_NULL_CONVERSION = YES;
				CLANG_WARN_OBJC_IMPLICIT_RETAIN_SELF = YES;
				CLANG_WARN_OBJC_LITERAL_CONVERSION = YES;
				CLANG_WARN_OBJC_ROOT_CLASS = YES_ERROR;
				CLANG_WARN_RANGE_LOOP_ANALYSIS = YES;
				CLANG_WARN_STRICT_PROTOTYPES = YES;
				CLANG_WARN_SUSPICIOUS_MOVE = YES;
				CLANG_WARN_UNGUARDED_AVAILABILITY = YES_AGGRESSIVE;
				CLANG_WARN_UNREACHABLE_CODE = YES;
				CLANG_WARN__DUPLICATE_METHOD_MATCH = YES;
				CODE_SIGN_IDENTITY = "iPhone Developer";
				COPY_PHASE_STRIP = NO;
				DEBUG_INFORMATION_FORMAT = "dwarf-with-dsym";
				ENABLE_NS_ASSERTIONS = NO;
				ENABLE_STRICT_OBJC_MSGSEND = YES;
				GCC_C_LANGUAGE_STANDARD = gnu11;
				GCC_NO_COMMON_BLOCKS = YES;
				GCC_WARN_64_TO_32_BIT_CONVERSION = YES;
				GCC_WARN_ABOUT_RETURN_TYPE = YES_ERROR;
				GCC_WARN_UNDECLARED_SELECTOR = YES;
				GCC_WARN_UNINITIALIZED_AUTOS = YES_AGGRESSIVE;
				GCC_WARN_UNUSED_FUNCTION = YES;
				GCC_WARN_UNUSED_VARIABLE = YES;
				IPHONEOS_DEPLOYMENT_TARGET = 11.4;
				MTL_ENABLE_DEBUG_INFO = NO;
				SDKROOT = iphoneos;
				SWIFT_COMPILATION_MODE = wholemodule;
				SWIFT_OPTIMIZATION_LEVEL = "-O";
				VALIDATE_PRODUCT = YES;
			};
			name = Release;
		};
		DE5056FA2135D53500985097 /* Debug */ = {
			isa = XCBuildConfiguration;
			baseConfigurationReference = EDCF768045B2EBFFEF64D7F1 /* Pods-InvadeSpace.debug.xcconfig */;
			buildSettings = {
				ASSETCATALOG_COMPILER_APPICON_NAME = AppIcon;
				CODE_SIGN_IDENTITY = "iPhone Developer";
				CODE_SIGN_STYLE = Automatic;
				DEVELOPMENT_TEAM = 745E977PLG;
				INFOPLIST_FILE = InvadeSpace/Info.plist;
				LD_RUNPATH_SEARCH_PATHS = (
					"$(inherited)",
					"@executable_path/Frameworks",
				);
				PRODUCT_BUNDLE_IDENTIFIER = com.guadianatechnologygames.invadespace;
				PRODUCT_NAME = "$(TARGET_NAME)";
				PROVISIONING_PROFILE_SPECIFIER = "";
				SWIFT_VERSION = 4.0;
				TARGETED_DEVICE_FAMILY = "1,2";
			};
			name = Debug;
		};
		DE5056FB2135D53500985097 /* Release */ = {
			isa = XCBuildConfiguration;
			baseConfigurationReference = 87506C344CB95A621E9136D0 /* Pods-InvadeSpace.release.xcconfig */;
			buildSettings = {
				ASSETCATALOG_COMPILER_APPICON_NAME = AppIcon;
				CODE_SIGN_IDENTITY = "iPhone Developer";
				CODE_SIGN_STYLE = Automatic;
				DEVELOPMENT_TEAM = 745E977PLG;
				INFOPLIST_FILE = InvadeSpace/Info.plist;
				LD_RUNPATH_SEARCH_PATHS = (
					"$(inherited)",
					"@executable_path/Frameworks",
				);
				PRODUCT_BUNDLE_IDENTIFIER = com.guadianatechnologygames.invadespace;
				PRODUCT_NAME = "$(TARGET_NAME)";
				PROVISIONING_PROFILE_SPECIFIER = "";
				SWIFT_VERSION = 4.0;
				TARGETED_DEVICE_FAMILY = "1,2";
			};
			name = Release;
		};
/* End XCBuildConfiguration section */

/* Begin XCConfigurationList section */
		DE5056DC2135D53400985097 /* Build configuration list for PBXProject "InvadeSpace" */ = {
			isa = XCConfigurationList;
			buildConfigurations = (
				DE5056F72135D53500985097 /* Debug */,
				DE5056F82135D53500985097 /* Release */,
			);
			defaultConfigurationIsVisible = 0;
			defaultConfigurationName = Release;
		};
		DE5056F92135D53500985097 /* Build configuration list for PBXNativeTarget "InvadeSpace" */ = {
			isa = XCConfigurationList;
			buildConfigurations = (
				DE5056FA2135D53500985097 /* Debug */,
				DE5056FB2135D53500985097 /* Release */,
			);
			defaultConfigurationIsVisible = 0;
			defaultConfigurationName = Release;
		};
/* End XCConfigurationList section */
	};
	rootObject = DE5056D92135D53400985097 /* Project object */;
}
